<?xml version="1.0" encoding="UTF-8" standalone="yes" ?>
<CodeBlocks_project_file>
	<FileVersion major="1" minor="6" />
	<Project>
		<Option title="asciicube" />
		<Option pch_mode="2" />
		<Option compiler="gcc" />
		<Build>
			<Target title="Debug">
				<Option output="bin/Debug/asciicube" prefix_auto="1" extension_auto="1" />
				<Option object_output="obj/Debug/" />
				<Option type="1" />
				<Option compiler="gcc" />
				<Compiler>
					<Add option="-g" />
				</Compiler>
			</Target>
			<Target title="Release">
				<Option output="bin/Release/asciicube" prefix_auto="1" extension_auto="1" />
				<Option object_output="obj/Release/" />
				<Option type="1" />
				<Option compiler="gcc" />
				<Compiler>
					<Add option="-O2" />
				</Compiler>
				<Linker>
					<Add option="-s" />
				</Linker>
			</Target>
		</Build>
		<Compiler>
			<Add option="-Wall" />
		</Compiler>
		<Unit filename="README.txt" />
		<Unit filename="doxygen/doxyfile" />
		<Unit filename="doxygen/html/clipboard.js" />
		<Unit filename="doxygen/html/cookie.js" />
		<Unit filename="doxygen/html/dir_68267d1309a1af8e8297ef4c3efbcdba.html" />
		<Unit filename="doxygen/html/doxygen.css" />
		<Unit filename="doxygen/html/doxygen.svg" />
		<Unit filename="doxygen/html/doxygen_crawl.html" />
		<Unit filename="doxygen/html/dynsections.js" />
		<Unit filename="doxygen/html/index.html" />
		<Unit filename="doxygen/html/jquery.js" />
		<Unit filename="doxygen/html/menu.js" />
		<Unit filename="doxygen/html/menudata.js" />
		<Unit filename="doxygen/html/navtree.css" />
		<Unit filename="doxygen/html/navtree.js" />
		<Unit filename="doxygen/html/navtreedata.js" />
		<Unit filename="doxygen/html/navtreeindex0.js" />
		<Unit filename="doxygen/html/search/search.css" />
		<Unit filename="doxygen/html/search/search.js" />
		<Unit filename="doxygen/html/search/searchdata.js" />
		<Unit filename="doxygen/html/tabs.css" />
		<Unit filename="src/main.cpp" />
		<Extensions>
			<DoxyBlocks>
				<comment_style block="0" line="0" />
				<doxyfile_project project_number="0.1.0" />
				<doxyfile_build />
				<doxyfile_warnings />
				<doxyfile_output />
				<doxyfile_dot />
				<general />
			</DoxyBlocks>
		</Extensions>
	</Project>
</CodeBlocks_project_file>
